{
  "version": 4,
  "terraform_version": "1.14.7",
  "serial": 3,
  "lineage": "42267e79-2533-caaf-bc04-1b5b52bbf7e6",
  "outputs": {
    "volume_id": {
      "value": "14455513",
      "type": "string"
    }
  },
  "resources": [
    {
      "mode": "managed",
      "type": "linode_volume",
      "name": "k3s_data",
      "provider": "provider[\"registry.terraform.io/linode/linode\"]",
      "instances": [
        {
          "schema_version": 0,
          "attributes": {
            "encryption": "disabled",
            "filesystem_path": "/dev/disk/by-id/scsi-0Linode_Volume_superlab-persistence",
            "id": "14455513",
            "label": "superlab-persistence",
            "linode_id": 0,
            "region": "us-east",
            "size": 10,
            "source_volume_id": null,
            "status": "active",
            "tags": [],
            "timeouts": null
          },
          "sensitive_attributes": [],
          "identity_schema_version": 0
        }
      ]
    }
  ],
  "check_results": null
}
